
Microsoft Visual Studio Solution File, Format Version 12.00
# Visual Studio Version 16
VisualStudioVersion = 16.0.30611.23
MinimumVisualStudioVersion = 10.0.40219.1
Project("{FAE04EC0-301F-11D3-BF4B-00C04F79EFBC}") = "ОХ ОХ", "ОХ ОХ\ОХ ОХ.csproj", "{38A00EF8-457B-419E-B564-2E8366AFD33D}"
EndProject
Global
	GlobalSection(SolutionConfigurationPlatforms) = preSolution
		Debug|Any CPU = Debug|Any CPU
		Release|Any CPU = Release|Any CPU
	EndGlobalSection
	GlobalSection(ProjectConfigurationPlatforms) = postSolution
		{38A00EF8-457B-419E-B564-2E8366AFD33D}.Debug|Any CPU.ActiveCfg = Debug|Any CPU
		{38A00EF8-457B-419E-B564-2E8366AFD33D}.Debug|Any CPU.Build.0 = Debug|Any CPU
		{38A00EF8-457B-419E-B564-2E8366AFD33D}.Release|Any CPU.ActiveCfg = Release|Any CPU
		{38A00EF8-457B-419E-B564-2E8366AFD33D}.Release|Any CPU.Build.0 = Release|Any CPU
	EndGlobalSection
	GlobalSection(SolutionProperties) = preSolution
		HideSolutionNode = FALSE
	EndGlobalSection
	GlobalSection(ExtensibilityGlobals) = postSolution
		SolutionGuid = {D0B8ACA8-4A59-402C-B8E4-9AA4C1DA4DF4}
	EndGlobalSection
EndGlobal
